
Microsoft Visual Studio Solution File, Format Version 12.00
# Visual Studio 14
VisualStudioVersion = 14.0.23107.0
MinimumVisualStudioVersion = 10.0.40219.1
Project("{2150E333-8FDC-42A3-9474-1A3956D46DE8}") = "src", "src", "{60CD97E9-53F8-477C-880C-566A9C49838F}"
EndProject
Project("{2150E333-8FDC-42A3-9474-1A3956D46DE8}") = "Solution Items", "Solution Items", "{6672696A-0B37-4C4B-939B-AB4D4C60B874}"
	ProjectSection(SolutionItems) = preProject
		global.json = global.json
	EndProjectSection
EndProject
Project("{8BB2217D-0F2D-49D1-97BC-3654ED321F3B}") = "Fabrikam.Module1.Uc1.Query.Business", "src\Fabrikam.Module1.Uc1.Query.Business\Fabrikam.Module1.Uc1.Query.Business.xproj", "{D8F06398-70F5-479C-B5AF-B81F82F5ADED}"
EndProject
Project("{8BB2217D-0F2D-49D1-97BC-3654ED321F3B}") = "Fabrikam.Module1.Uc1.Query.Business.Interfaces", "src\Fabrikam.Module1.Uc1.Query.Business.Interfaces\Fabrikam.Module1.Uc1.Query.Business.Interfaces.xproj", "{AF914855-409D-4366-BFAB-97F5BC7D4A76}"
EndProject
Project("{8BB2217D-0F2D-49D1-97BC-3654ED321F3B}") = "Fabrikam.Module1.Uc1.Query.Repository", "src\Fabrikam.Module1.Uc1.Query.Repository\Fabrikam.Module1.Uc1.Query.Repository.xproj", "{8D386F04-F66F-4E53-9305-5E20621742A1}"
EndProject
Project("{8BB2217D-0F2D-49D1-97BC-3654ED321F3B}") = "Fabrikam.Module1.Uc1.Query.Repository.Interfaces", "src\Fabrikam.Module1.Uc1.Query.Repository.Interfaces\Fabrikam.Module1.Uc1.Query.Repository.Interfaces.xproj", "{1759672F-C48A-4EA1-A307-29A271410C32}"
EndProject
Project("{FAE04EC0-301F-11D3-BF4B-00C04F79EFBC}") = "Fabrikam.Module1.Uc1.Query.Services.Wcf", "src\Fabrikam.Module1.Uc1.Query.Services.Wcf\Fabrikam.Module1.Uc1.Query.Services.Wcf.csproj", "{78B18EE6-A49D-42DF-A47D-53FCE688A524}"
EndProject
Project("{8BB2217D-0F2D-49D1-97BC-3654ED321F3B}") = "Fabrikam.Module1.Uc1.Query.Services.WebApi", "src\Fabrikam.Module1.Uc1.Query.Services.WebApi\Fabrikam.Module1.Uc1.Query.Services.WebApi.xproj", "{286CE370-1E14-4A6E-92EA-E68D5C4D871C}"
EndProject
Project("{2150E333-8FDC-42A3-9474-1A3956D46DE8}") = "test", "test", "{5D7A3A21-F8D3-4346-AACA-ADB37181D57E}"
EndProject
Project("{8BB2217D-0F2D-49D1-97BC-3654ED321F3B}") = "Fabrikam.Module1.Uc1.Query.Business.Tests", "test\Fabrikam.Module1.Uc1.Query.Business.Tests\Fabrikam.Module1.Uc1.Query.Business.Tests.xproj", "{0D9AB691-94FB-4387-952E-41A089BC14C6}"
EndProject
Project("{8BB2217D-0F2D-49D1-97BC-3654ED321F3B}") = "Fabrikam.Module1.Uc1.Query.Repository.Tests", "test\Fabrikam.Module1.Uc1.Query.Repository.Tests\Fabrikam.Module1.Uc1.Query.Repository.Tests.xproj", "{113D6C03-0D5A-4032-86C7-071F8B9BD6AC}"
EndProject
Project("{8BB2217D-0F2D-49D1-97BC-3654ED321F3B}") = "Fabrikam.Module1.Uc1.Query.Services.Wcf.Tests", "test\Fabrikam.Module1.Uc1.Query.Services.Wcf.Tests\Fabrikam.Module1.Uc1.Query.Services.Wcf.Tests.xproj", "{A629DE6B-54FA-4559-BB2E-01FAB1412A7F}"
EndProject
Project("{8BB2217D-0F2D-49D1-97BC-3654ED321F3B}") = "Fabrikam.Module1.Uc1.Query.Services.WebApi.Tests", "test\Fabrikam.Module1.Uc1.Query.Services.WebApi.Tests\Fabrikam.Module1.Uc1.Query.Services.WebApi.Tests.xproj", "{F105485E-A36D-4639-84E7-4401F6F4E1F6}"
EndProject
Global
	GlobalSection(SolutionConfigurationPlatforms) = preSolution
		Debug|Any CPU = Debug|Any CPU
		Release|Any CPU = Release|Any CPU
	EndGlobalSection
	GlobalSection(ProjectConfigurationPlatforms) = postSolution
		{D8F06398-70F5-479C-B5AF-B81F82F5ADED}.Debug|Any CPU.ActiveCfg = Debug|Any CPU
		{D8F06398-70F5-479C-B5AF-B81F82F5ADED}.Debug|Any CPU.Build.0 = Debug|Any CPU
		{D8F06398-70F5-479C-B5AF-B81F82F5ADED}.Release|Any CPU.ActiveCfg = Release|Any CPU
		{D8F06398-70F5-479C-B5AF-B81F82F5ADED}.Release|Any CPU.Build.0 = Release|Any CPU
		{AF914855-409D-4366-BFAB-97F5BC7D4A76}.Debug|Any CPU.ActiveCfg = Debug|Any CPU
		{AF914855-409D-4366-BFAB-97F5BC7D4A76}.Debug|Any CPU.Build.0 = Debug|Any CPU
		{AF914855-409D-4366-BFAB-97F5BC7D4A76}.Release|Any CPU.ActiveCfg = Release|Any CPU
		{AF914855-409D-4366-BFAB-97F5BC7D4A76}.Release|Any CPU.Build.0 = Release|Any CPU
		{8D386F04-F66F-4E53-9305-5E20621742A1}.Debug|Any CPU.ActiveCfg = Debug|Any CPU
		{8D386F04-F66F-4E53-9305-5E20621742A1}.Debug|Any CPU.Build.0 = Debug|Any CPU
		{8D386F04-F66F-4E53-9305-5E20621742A1}.Release|Any CPU.ActiveCfg = Release|Any CPU
		{8D386F04-F66F-4E53-9305-5E20621742A1}.Release|Any CPU.Build.0 = Release|Any CPU
		{1759672F-C48A-4EA1-A307-29A271410C32}.Debug|Any CPU.ActiveCfg = Debug|Any CPU
		{1759672F-C48A-4EA1-A307-29A271410C32}.Debug|Any CPU.Build.0 = Debug|Any CPU
		{1759672F-C48A-4EA1-A307-29A271410C32}.Release|Any CPU.ActiveCfg = Release|Any CPU
		{1759672F-C48A-4EA1-A307-29A271410C32}.Release|Any CPU.Build.0 = Release|Any CPU
		{78B18EE6-A49D-42DF-A47D-53FCE688A524}.Debug|Any CPU.ActiveCfg = Debug|Any CPU
		{78B18EE6-A49D-42DF-A47D-53FCE688A524}.Debug|Any CPU.Build.0 = Debug|Any CPU
		{78B18EE6-A49D-42DF-A47D-53FCE688A524}.Release|Any CPU.ActiveCfg = Release|Any CPU
		{78B18EE6-A49D-42DF-A47D-53FCE688A524}.Release|Any CPU.Build.0 = Release|Any CPU
		{286CE370-1E14-4A6E-92EA-E68D5C4D871C}.Debug|Any CPU.ActiveCfg = Debug|Any CPU
		{286CE370-1E14-4A6E-92EA-E68D5C4D871C}.Debug|Any CPU.Build.0 = Debug|Any CPU
		{286CE370-1E14-4A6E-92EA-E68D5C4D871C}.Release|Any CPU.ActiveCfg = Release|Any CPU
		{286CE370-1E14-4A6E-92EA-E68D5C4D871C}.Release|Any CPU.Build.0 = Release|Any CPU
		{0D9AB691-94FB-4387-952E-41A089BC14C6}.Debug|Any CPU.ActiveCfg = Debug|Any CPU
		{0D9AB691-94FB-4387-952E-41A089BC14C6}.Debug|Any CPU.Build.0 = Debug|Any CPU
		{0D9AB691-94FB-4387-952E-41A089BC14C6}.Release|Any CPU.ActiveCfg = Release|Any CPU
		{0D9AB691-94FB-4387-952E-41A089BC14C6}.Release|Any CPU.Build.0 = Release|Any CPU
		{113D6C03-0D5A-4032-86C7-071F8B9BD6AC}.Debug|Any CPU.ActiveCfg = Debug|Any CPU
		{113D6C03-0D5A-4032-86C7-071F8B9BD6AC}.Debug|Any CPU.Build.0 = Debug|Any CPU
		{113D6C03-0D5A-4032-86C7-071F8B9BD6AC}.Release|Any CPU.ActiveCfg = Release|Any CPU
		{113D6C03-0D5A-4032-86C7-071F8B9BD6AC}.Release|Any CPU.Build.0 = Release|Any CPU
		{A629DE6B-54FA-4559-BB2E-01FAB1412A7F}.Debug|Any CPU.ActiveCfg = Debug|Any CPU
		{A629DE6B-54FA-4559-BB2E-01FAB1412A7F}.Debug|Any CPU.Build.0 = Debug|Any CPU
		{A629DE6B-54FA-4559-BB2E-01FAB1412A7F}.Release|Any CPU.ActiveCfg = Release|Any CPU
		{A629DE6B-54FA-4559-BB2E-01FAB1412A7F}.Release|Any CPU.Build.0 = Release|Any CPU
		{F105485E-A36D-4639-84E7-4401F6F4E1F6}.Debug|Any CPU.ActiveCfg = Debug|Any CPU
		{F105485E-A36D-4639-84E7-4401F6F4E1F6}.Debug|Any CPU.Build.0 = Debug|Any CPU
		{F105485E-A36D-4639-84E7-4401F6F4E1F6}.Release|Any CPU.ActiveCfg = Release|Any CPU
		{F105485E-A36D-4639-84E7-4401F6F4E1F6}.Release|Any CPU.Build.0 = Release|Any CPU
	EndGlobalSection
	GlobalSection(SolutionProperties) = preSolution
		HideSolutionNode = FALSE
	EndGlobalSection
	GlobalSection(NestedProjects) = preSolution
		{D8F06398-70F5-479C-B5AF-B81F82F5ADED} = {60CD97E9-53F8-477C-880C-566A9C49838F}
		{AF914855-409D-4366-BFAB-97F5BC7D4A76} = {60CD97E9-53F8-477C-880C-566A9C49838F}
		{8D386F04-F66F-4E53-9305-5E20621742A1} = {60CD97E9-53F8-477C-880C-566A9C49838F}
		{1759672F-C48A-4EA1-A307-29A271410C32} = {60CD97E9-53F8-477C-880C-566A9C49838F}
		{78B18EE6-A49D-42DF-A47D-53FCE688A524} = {60CD97E9-53F8-477C-880C-566A9C49838F}
		{286CE370-1E14-4A6E-92EA-E68D5C4D871C} = {60CD97E9-53F8-477C-880C-566A9C49838F}
		{0D9AB691-94FB-4387-952E-41A089BC14C6} = {5D7A3A21-F8D3-4346-AACA-ADB37181D57E}
		{113D6C03-0D5A-4032-86C7-071F8B9BD6AC} = {5D7A3A21-F8D3-4346-AACA-ADB37181D57E}
		{A629DE6B-54FA-4559-BB2E-01FAB1412A7F} = {5D7A3A21-F8D3-4346-AACA-ADB37181D57E}
		{F105485E-A36D-4639-84E7-4401F6F4E1F6} = {5D7A3A21-F8D3-4346-AACA-ADB37181D57E}
	EndGlobalSection
EndGlobal
