
Microsoft Visual Studio Solution File, Format Version 12.00
# Visual Studio 14
VisualStudioVersion = 14.0.23107.0
MinimumVisualStudioVersion = 10.0.40219.1
Project("{2150E333-8FDC-42A3-9474-1A3956D46DE8}") = "src", "src", "{FF9A9A8F-BF0F-467B-A8E5-A3501E2AA4A9}"
EndProject
Project("{2150E333-8FDC-42A3-9474-1A3956D46DE8}") = "Solution Items", "Solution Items", "{D2B14473-E463-40B0-9009-AF6F17E4A8B3}"
	ProjectSection(SolutionItems) = preProject
		global.json = global.json
		NuGet.Config = NuGet.Config
	EndProjectSection
EndProject
Project("{8BB2217D-0F2D-49D1-97BC-3654ED321F3B}") = "Fabrikam.Module1.Uc1.Query.Business", "src\Fabrikam.Module1.Uc1.Query.Business\Fabrikam.Module1.Uc1.Query.Business.xproj", "{FB0C9607-3F85-4220-AFE2-AFA9A1228008}"
EndProject
Project("{8BB2217D-0F2D-49D1-97BC-3654ED321F3B}") = "Fabrikam.Module1.Uc1.Query.Business.Interfaces", "src\Fabrikam.Module1.Uc1.Query.Business.Interfaces\Fabrikam.Module1.Uc1.Query.Business.Interfaces.xproj", "{AC0DDD43-5B13-4D3F-BC10-E179A189E21D}"
EndProject
Project("{8BB2217D-0F2D-49D1-97BC-3654ED321F3B}") = "Fabrikam.Module1.Uc1.Query.Repository", "src\Fabrikam.Module1.Uc1.Query.Repository\Fabrikam.Module1.Uc1.Query.Repository.xproj", "{AB80E366-C0C7-4235-A77E-42943237C843}"
EndProject
Project("{8BB2217D-0F2D-49D1-97BC-3654ED321F3B}") = "Fabrikam.Module1.Uc1.Query.Respository.Interfaces", "src\Fabrikam.Module1.Uc1.Query.Respository.Interfaces\Fabrikam.Module1.Uc1.Query.Respository.Interfaces.xproj", "{1908839B-5BE0-456E-BF20-A160612D6978}"
EndProject
Project("{8BB2217D-0F2D-49D1-97BC-3654ED321F3B}") = "Fabrikam.Module1.Uc1.Query.WebApi", "src\Fabrikam.Module1.Uc1.Query.WebApi\Fabrikam.Module1.Uc1.Query.WebApi.xproj", "{3A452754-846F-45C5-AE56-52766E52035B}"
EndProject
Project("{FAE04EC0-301F-11D3-BF4B-00C04F79EFBC}") = "Fabrikam.Module1.Uc1.Query.Wcf", "src\Fabrikam.Module1.Uc1.Query.Wcf\Fabrikam.Module1.Uc1.Query.Wcf.csproj", "{D1C8E6D4-1C4C-4C4C-86AD-062DD1B5E1C1}"
EndProject
Project("{2150E333-8FDC-42A3-9474-1A3956D46DE8}") = "test", "test", "{818612D2-16A9-4A1E-A7C2-3435915AB91E}"
EndProject
Project("{8BB2217D-0F2D-49D1-97BC-3654ED321F3B}") = "Fabrikam.Module1.Uc1.Query.Business.Tests", "test\Fabrikam.Module1.Uc1.Query.Business.Tests\Fabrikam.Module1.Uc1.Query.Business.Tests.xproj", "{AF6CFA58-87D0-467E-A546-2F84FFF0845D}"
EndProject
Project("{8BB2217D-0F2D-49D1-97BC-3654ED321F3B}") = "Fabrikam.Module1.Uc1.Query.Repository.Tests", "test\Fabrikam.Module1.Uc1.Query.Repository.Tests\Fabrikam.Module1.Uc1.Query.Repository.Tests.xproj", "{196B1AA3-1D5A-49AA-B706-A027C68B47EF}"
EndProject
Project("{8BB2217D-0F2D-49D1-97BC-3654ED321F3B}") = "Fabrikam.Module1.Uc1.Query.Wcf.Tests", "test\Fabrikam.Module1.Uc1.Query.Wcf.Tests\Fabrikam.Module1.Uc1.Query.Wcf.Tests.xproj", "{955A2F07-D26D-4F34-8E55-9500FB5C9C57}"
EndProject
Project("{8BB2217D-0F2D-49D1-97BC-3654ED321F3B}") = "Fabrikam.Module1.Uc1.Query.WebApi.Tests", "test\Fabrikam.Module1.Uc1.Query.WebApi.Tests\Fabrikam.Module1.Uc1.Query.WebApi.Tests.xproj", "{C2A5F314-5FE2-4436-ADBE-7663D571F859}"
EndProject
Global
	GlobalSection(SolutionConfigurationPlatforms) = preSolution
		Debug|Any CPU = Debug|Any CPU
		Release|Any CPU = Release|Any CPU
	EndGlobalSection
	GlobalSection(ProjectConfigurationPlatforms) = postSolution
		{FB0C9607-3F85-4220-AFE2-AFA9A1228008}.Debug|Any CPU.ActiveCfg = Debug|Any CPU
		{FB0C9607-3F85-4220-AFE2-AFA9A1228008}.Debug|Any CPU.Build.0 = Debug|Any CPU
		{FB0C9607-3F85-4220-AFE2-AFA9A1228008}.Release|Any CPU.ActiveCfg = Release|Any CPU
		{FB0C9607-3F85-4220-AFE2-AFA9A1228008}.Release|Any CPU.Build.0 = Release|Any CPU
		{AC0DDD43-5B13-4D3F-BC10-E179A189E21D}.Debug|Any CPU.ActiveCfg = Debug|Any CPU
		{AC0DDD43-5B13-4D3F-BC10-E179A189E21D}.Debug|Any CPU.Build.0 = Debug|Any CPU
		{AC0DDD43-5B13-4D3F-BC10-E179A189E21D}.Release|Any CPU.ActiveCfg = Release|Any CPU
		{AC0DDD43-5B13-4D3F-BC10-E179A189E21D}.Release|Any CPU.Build.0 = Release|Any CPU
		{AB80E366-C0C7-4235-A77E-42943237C843}.Debug|Any CPU.ActiveCfg = Debug|Any CPU
		{AB80E366-C0C7-4235-A77E-42943237C843}.Debug|Any CPU.Build.0 = Debug|Any CPU
		{AB80E366-C0C7-4235-A77E-42943237C843}.Release|Any CPU.ActiveCfg = Release|Any CPU
		{AB80E366-C0C7-4235-A77E-42943237C843}.Release|Any CPU.Build.0 = Release|Any CPU
		{1908839B-5BE0-456E-BF20-A160612D6978}.Debug|Any CPU.ActiveCfg = Debug|Any CPU
		{1908839B-5BE0-456E-BF20-A160612D6978}.Debug|Any CPU.Build.0 = Debug|Any CPU
		{1908839B-5BE0-456E-BF20-A160612D6978}.Release|Any CPU.ActiveCfg = Release|Any CPU
		{1908839B-5BE0-456E-BF20-A160612D6978}.Release|Any CPU.Build.0 = Release|Any CPU
		{3A452754-846F-45C5-AE56-52766E52035B}.Debug|Any CPU.ActiveCfg = Debug|Any CPU
		{3A452754-846F-45C5-AE56-52766E52035B}.Debug|Any CPU.Build.0 = Debug|Any CPU
		{3A452754-846F-45C5-AE56-52766E52035B}.Release|Any CPU.ActiveCfg = Release|Any CPU
		{3A452754-846F-45C5-AE56-52766E52035B}.Release|Any CPU.Build.0 = Release|Any CPU
		{D1C8E6D4-1C4C-4C4C-86AD-062DD1B5E1C1}.Debug|Any CPU.ActiveCfg = Debug|Any CPU
		{D1C8E6D4-1C4C-4C4C-86AD-062DD1B5E1C1}.Debug|Any CPU.Build.0 = Debug|Any CPU
		{D1C8E6D4-1C4C-4C4C-86AD-062DD1B5E1C1}.Release|Any CPU.ActiveCfg = Release|Any CPU
		{D1C8E6D4-1C4C-4C4C-86AD-062DD1B5E1C1}.Release|Any CPU.Build.0 = Release|Any CPU
		{AF6CFA58-87D0-467E-A546-2F84FFF0845D}.Debug|Any CPU.ActiveCfg = Debug|Any CPU
		{AF6CFA58-87D0-467E-A546-2F84FFF0845D}.Debug|Any CPU.Build.0 = Debug|Any CPU
		{AF6CFA58-87D0-467E-A546-2F84FFF0845D}.Release|Any CPU.ActiveCfg = Release|Any CPU
		{AF6CFA58-87D0-467E-A546-2F84FFF0845D}.Release|Any CPU.Build.0 = Release|Any CPU
		{196B1AA3-1D5A-49AA-B706-A027C68B47EF}.Debug|Any CPU.ActiveCfg = Debug|Any CPU
		{196B1AA3-1D5A-49AA-B706-A027C68B47EF}.Debug|Any CPU.Build.0 = Debug|Any CPU
		{196B1AA3-1D5A-49AA-B706-A027C68B47EF}.Release|Any CPU.ActiveCfg = Release|Any CPU
		{196B1AA3-1D5A-49AA-B706-A027C68B47EF}.Release|Any CPU.Build.0 = Release|Any CPU
		{955A2F07-D26D-4F34-8E55-9500FB5C9C57}.Debug|Any CPU.ActiveCfg = Debug|Any CPU
		{955A2F07-D26D-4F34-8E55-9500FB5C9C57}.Debug|Any CPU.Build.0 = Debug|Any CPU
		{955A2F07-D26D-4F34-8E55-9500FB5C9C57}.Release|Any CPU.ActiveCfg = Release|Any CPU
		{955A2F07-D26D-4F34-8E55-9500FB5C9C57}.Release|Any CPU.Build.0 = Release|Any CPU
		{C2A5F314-5FE2-4436-ADBE-7663D571F859}.Debug|Any CPU.ActiveCfg = Debug|Any CPU
		{C2A5F314-5FE2-4436-ADBE-7663D571F859}.Debug|Any CPU.Build.0 = Debug|Any CPU
		{C2A5F314-5FE2-4436-ADBE-7663D571F859}.Release|Any CPU.ActiveCfg = Release|Any CPU
		{C2A5F314-5FE2-4436-ADBE-7663D571F859}.Release|Any CPU.Build.0 = Release|Any CPU
	EndGlobalSection
	GlobalSection(SolutionProperties) = preSolution
		HideSolutionNode = FALSE
	EndGlobalSection
	GlobalSection(NestedProjects) = preSolution
		{FB0C9607-3F85-4220-AFE2-AFA9A1228008} = {FF9A9A8F-BF0F-467B-A8E5-A3501E2AA4A9}
		{AC0DDD43-5B13-4D3F-BC10-E179A189E21D} = {FF9A9A8F-BF0F-467B-A8E5-A3501E2AA4A9}
		{AB80E366-C0C7-4235-A77E-42943237C843} = {FF9A9A8F-BF0F-467B-A8E5-A3501E2AA4A9}
		{1908839B-5BE0-456E-BF20-A160612D6978} = {FF9A9A8F-BF0F-467B-A8E5-A3501E2AA4A9}
		{3A452754-846F-45C5-AE56-52766E52035B} = {FF9A9A8F-BF0F-467B-A8E5-A3501E2AA4A9}
		{D1C8E6D4-1C4C-4C4C-86AD-062DD1B5E1C1} = {FF9A9A8F-BF0F-467B-A8E5-A3501E2AA4A9}
		{AF6CFA58-87D0-467E-A546-2F84FFF0845D} = {818612D2-16A9-4A1E-A7C2-3435915AB91E}
		{196B1AA3-1D5A-49AA-B706-A027C68B47EF} = {818612D2-16A9-4A1E-A7C2-3435915AB91E}
		{955A2F07-D26D-4F34-8E55-9500FB5C9C57} = {818612D2-16A9-4A1E-A7C2-3435915AB91E}
		{C2A5F314-5FE2-4436-ADBE-7663D571F859} = {818612D2-16A9-4A1E-A7C2-3435915AB91E}
	EndGlobalSection
EndGlobal
