
Microsoft Visual Studio Solution File, Format Version 12.00
# Visual Studio 14
VisualStudioVersion = 14.0.23107.0
MinimumVisualStudioVersion = 10.0.40219.1
Project("{2150E333-8FDC-42A3-9474-1A3956D46DE8}") = "Solution Items", "Solution Items", "{D9DDECA5-74B2-498F-88D2-F00D139B12FC}"
	ProjectSection(SolutionItems) = preProject
		global.json = global.json
	EndProjectSection
EndProject
Project("{2150E333-8FDC-42A3-9474-1A3956D46DE8}") = "src", "src", "{5E370617-5EBF-4469-A4BD-8D1C13698821}"
EndProject
Project("{8BB2217D-0F2D-49D1-97BC-3654ED321F3B}") = "Fabrikam.Entities.Business", "src\Fabrikam.Entities.Business\Fabrikam.Entities.Business.xproj", "{D83671A7-9622-41B2-BFDD-426426A97FB7}"
EndProject
Project("{8BB2217D-0F2D-49D1-97BC-3654ED321F3B}") = "Fabrikam.Entities.Data", "src\Fabrikam.Entities.Data\Fabrikam.Entities.Data.xproj", "{B38D5107-AF91-4554-BAED-279E31062686}"
EndProject
Project("{8BB2217D-0F2D-49D1-97BC-3654ED321F3B}") = "Fabrikam.Entities.Service", "src\Fabrikam.Entities.Service\Fabrikam.Entities.Service.xproj", "{EAAA424F-42A5-48B6-909A-8D635B984DE6}"
EndProject
Project("{8BB2217D-0F2D-49D1-97BC-3654ED321F3B}") = "Fabrikam.Infrastructure", "src\Fabrikam.Infrastructure\Fabrikam.Infrastructure.xproj", "{0BB59E14-DA04-4D89-B502-3D88D8A0DAFA}"
EndProject
Project("{8BB2217D-0F2D-49D1-97BC-3654ED321F3B}") = "Fabrikam.Infrastructure.Interfaces", "src\Fabrikam.Infrastructure.Interfaces\Fabrikam.Infrastructure.Interfaces.xproj", "{BD9DEF78-9743-4539-8CDB-905DB25B0F48}"
EndProject
Project("{8BB2217D-0F2D-49D1-97BC-3654ED321F3B}") = "Fabrikam.Module1.Uc1.Business", "src\Fabrikam.Module1.Uc1.Business\Fabrikam.Module1.Uc1.Business.xproj", "{B6DD903D-FF6E-46AA-BC45-4C25B3934BF6}"
EndProject
Project("{8BB2217D-0F2D-49D1-97BC-3654ED321F3B}") = "Fabrikam.Module1.Uc1.Query.Business.Interfaces", "src\Fabrikam.Module1.Uc1.Query.Business.Interfaces\Fabrikam.Module1.Uc1.Query.Business.Interfaces.xproj", "{AF914855-409D-4366-BFAB-97F5BC7D4A76}"
EndProject
Project("{8BB2217D-0F2D-49D1-97BC-3654ED321F3B}") = "Fabrikam.Module1.Uc1.Query.Business", "src\Fabrikam.Module1.Uc1.Query.Business\Fabrikam.Module1.Uc1.Query.Business.xproj", "{D8F06398-70F5-479C-B5AF-B81F82F5ADED}"
EndProject
Project("{8BB2217D-0F2D-49D1-97BC-3654ED321F3B}") = "Fabrikam.Web.Ui", "src\Fabrikam.Web.Ui\Fabrikam.Web.Ui.xproj", "{0A583340-0C76-4B37-A982-543B7F020696}"
EndProject
Project("{8BB2217D-0F2D-49D1-97BC-3654ED321F3B}") = "Fabrikam.Module1.Uc1.Business.Interfaces", "src\Fabrikam.Module1.Uc1.Business.Interfaces\Fabrikam.Module1.Uc1.Business.Interfaces.xproj", "{7D8AB583-F464-4172-BE59-85B75B56866C}"
EndProject
Project("{8BB2217D-0F2D-49D1-97BC-3654ED321F3B}") = "Fabrikam.Utilities", "src\Fabrikam.Utilities\Fabrikam.Utilities.xproj", "{81394E3B-D2BB-497F-AE8F-3D9C8BF1A167}"
EndProject
Project("{8BB2217D-0F2D-49D1-97BC-3654ED321F3B}") = "Fabrikam.Module1.Uc1.TaskHandler", "src\Fabrikam.Module1.Uc1.TaskHandler\Fabrikam.Module1.Uc1.TaskHandler.xproj", "{6233D295-3C4A-48E5-8B4C-4C2F9DA665DA}"
EndProject
Project("{8BB2217D-0F2D-49D1-97BC-3654ED321F3B}") = "Fabrikam.Module1.Uc1.Query.Repository", "src\Fabrikam.Module1.Uc1.Query.Repository\Fabrikam.Module1.Uc1.Query.Repository.xproj", "{8D386F04-F66F-4E53-9305-5E20621742A1}"
EndProject
Project("{8BB2217D-0F2D-49D1-97BC-3654ED321F3B}") = "Fabrikam.Module1.Uc1.Query.Repository.Interfaces", "src\Fabrikam.Module1.Uc1.Query.Repository.Interfaces\Fabrikam.Module1.Uc1.Query.Repository.Interfaces.xproj", "{1759672F-C48A-4EA1-A307-29A271410C32}"
EndProject
Project("{8BB2217D-0F2D-49D1-97BC-3654ED321F3B}") = "Fabrikam.Module1.Uc1.Query.ServiceLib", "src\Fabrikam.Module1.Uc1.Query.ServiceLib\Fabrikam.Module1.Uc1.Query.ServiceLib.xproj", "{F98CA291-69E7-4B9B-B7E1-B1C8DF9E151C}"
EndProject
Project("{8BB2217D-0F2D-49D1-97BC-3654ED321F3B}") = "Fabrikam.Module1.Uc1.Query.ServiceLib.Interfaces", "src\Fabrikam.Module1.Uc1.Query.ServiceLib.Interfaces\Fabrikam.Module1.Uc1.Query.ServiceLib.Interfaces.xproj", "{6D2218D4-D8C7-4217-93A6-C06A42E1706A}"
EndProject
Project("{FAE04EC0-301F-11D3-BF4B-00C04F79EFBC}") = "Fabrikam.Module1.Uc1.Query.Services.Wcf", "src\Fabrikam.Module1.Uc1.Query.Services.Wcf\Fabrikam.Module1.Uc1.Query.Services.Wcf.csproj", "{78B18EE6-A49D-42DF-A47D-53FCE688A524}"
EndProject
Project("{8BB2217D-0F2D-49D1-97BC-3654ED321F3B}") = "Fabrikam.Module1.Uc1.Query.Services.WebApi", "src\Fabrikam.Module1.Uc1.Query.Services.WebApi\Fabrikam.Module1.Uc1.Query.Services.WebApi.xproj", "{286CE370-1E14-4A6E-92EA-E68D5C4D871C}"
EndProject
Project("{8BB2217D-0F2D-49D1-97BC-3654ED321F3B}") = "Fabrikam.Module1.Uc1.Repository", "src\Fabrikam.Module1.Uc1.Repository\Fabrikam.Module1.Uc1.Repository.xproj", "{2A5DDA0F-5DB2-401B-BC74-E623029A7098}"
EndProject
Project("{8BB2217D-0F2D-49D1-97BC-3654ED321F3B}") = "Fabrikam.Module1.Uc1.Repository.Interfaces", "src\Fabrikam.Module1.Uc1.Repository.Interfaces\Fabrikam.Module1.Uc1.Repository.Interfaces.xproj", "{171AD527-3F06-42D5-BA54-B79485857B60}"
EndProject
Project("{8BB2217D-0F2D-49D1-97BC-3654ED321F3B}") = "Fabrikam.Module1.Uc1.ServiceLib", "src\Fabrikam.Module1.Uc1.ServiceLib\Fabrikam.Module1.Uc1.ServiceLib.xproj", "{9DFA0EAD-907A-46BD-9B26-1EFF49AB6AF3}"
EndProject
Project("{8BB2217D-0F2D-49D1-97BC-3654ED321F3B}") = "Fabrikam.Module1.Uc1.ServiceLib.Interfaces", "src\Fabrikam.Module1.Uc1.ServiceLib.Interfaces\Fabrikam.Module1.Uc1.ServiceLib.Interfaces.xproj", "{F3ABE2F7-3D3C-4028-B1E8-C4B02D28DE87}"
EndProject
Project("{FAE04EC0-301F-11D3-BF4B-00C04F79EFBC}") = "Fabrikam.Module1.Uc1.Services.Wcf", "src\Fabrikam.Module1.Uc1.Services.Wcf\Fabrikam.Module1.Uc1.Services.Wcf.csproj", "{9FD55EBB-FD10-4A58-A66F-2D11B3B84CD8}"
EndProject
Project("{8BB2217D-0F2D-49D1-97BC-3654ED321F3B}") = "Fabrikam.Module1.Uc1.Services.WebApi", "src\Fabrikam.Module1.Uc1.Services.WebApi\Fabrikam.Module1.Uc1.Services.WebApi.xproj", "{D5108AFD-82EF-4E0B-BE31-0A651B2604B2}"
EndProject
Project("{FAE04EC0-301F-11D3-BF4B-00C04F79EFBC}") = "Fabrikam.Queue.WinServices", "src\Fabrikam.Queue.WinServices\Fabrikam.Queue.WinServices.csproj", "{7918005E-EC93-4116-A539-7ECA61A1514F}"
EndProject
Project("{8BB2217D-0F2D-49D1-97BC-3654ED321F3B}") = "Fabrikam.QueueManager", "src\Fabrikam.QueueManager\Fabrikam.QueueManager.xproj", "{F3F1F261-6A73-45FB-B474-52298CC551CE}"
EndProject
Project("{8BB2217D-0F2D-49D1-97BC-3654ED321F3B}") = "Fabrikam.TaskHandler.Interfaces", "src\Fabrikam.TaskHandler.Interfaces\Fabrikam.TaskHandler.Interfaces.xproj", "{0A84D1E5-9000-448B-BA17-55F42452143A}"
EndProject
Project("{8BB2217D-0F2D-49D1-97BC-3654ED321F3B}") = "Fabrikam.ValidationLib", "src\Fabrikam.ValidationLib\Fabrikam.ValidationLib.xproj", "{24C98356-63DA-4769-8D09-9477051C8357}"
EndProject
Project("{2150E333-8FDC-42A3-9474-1A3956D46DE8}") = "test", "test", "{824BC671-E064-47B0-9340-C948A814A96D}"
EndProject
Project("{8BB2217D-0F2D-49D1-97BC-3654ED321F3B}") = "Fabrikam.Infrastructure.Tests", "test\Fabrikam.Infrastructure.Tests\Fabrikam.Infrastructure.Tests.xproj", "{14384D72-1FD7-4AAC-8188-C42F4427714B}"
EndProject
Project("{8BB2217D-0F2D-49D1-97BC-3654ED321F3B}") = "Fabrikam.Module1.Uc1.Business.Tests", "test\Fabrikam.Module1.Uc1.Business.Tests\Fabrikam.Module1.Uc1.Business.Tests.xproj", "{3BDD6C8B-944E-47EE-B440-95615C9A146E}"
EndProject
Project("{8BB2217D-0F2D-49D1-97BC-3654ED321F3B}") = "Fabrikam.Module1.Uc1.Query.Business.Tests", "test\Fabrikam.Module1.Uc1.Query.Business.Tests\Fabrikam.Module1.Uc1.Query.Business.Tests.xproj", "{0D9AB691-94FB-4387-952E-41A089BC14C6}"
EndProject
Project("{8BB2217D-0F2D-49D1-97BC-3654ED321F3B}") = "Fabrikam.Module1.Uc1.Query.Repository.Tests", "test\Fabrikam.Module1.Uc1.Query.Repository.Tests\Fabrikam.Module1.Uc1.Query.Repository.Tests.xproj", "{113D6C03-0D5A-4032-86C7-071F8B9BD6AC}"
EndProject
Project("{8BB2217D-0F2D-49D1-97BC-3654ED321F3B}") = "Fabrikam.Module1.Uc1.Query.ServiceLib.Tests", "test\Fabrikam.Module1.Uc1.Query.ServiceLib.Tests\Fabrikam.Module1.Uc1.Query.ServiceLib.Tests.xproj", "{B66C5CA4-408D-4DB9-8FBC-9275781BC8EA}"
EndProject
Project("{8BB2217D-0F2D-49D1-97BC-3654ED321F3B}") = "Fabrikam.Module1.Uc1.Query.Services.Wcf.Tests", "test\Fabrikam.Module1.Uc1.Query.Services.Wcf.Tests\Fabrikam.Module1.Uc1.Query.Services.Wcf.Tests.xproj", "{A629DE6B-54FA-4559-BB2E-01FAB1412A7F}"
EndProject
Project("{8BB2217D-0F2D-49D1-97BC-3654ED321F3B}") = "Fabrikam.Module1.Uc1.Query.Services.WebApi.Tests", "test\Fabrikam.Module1.Uc1.Query.Services.WebApi.Tests\Fabrikam.Module1.Uc1.Query.Services.WebApi.Tests.xproj", "{F105485E-A36D-4639-84E7-4401F6F4E1F6}"
EndProject
Project("{8BB2217D-0F2D-49D1-97BC-3654ED321F3B}") = "Fabrikam.Module1.Uc1.Repository.Tests", "test\Fabrikam.Module1.Uc1.Repository.Tests\Fabrikam.Module1.Uc1.Repository.Tests.xproj", "{3F808A60-38D7-48BA-8539-892F7EB46577}"
EndProject
Project("{8BB2217D-0F2D-49D1-97BC-3654ED321F3B}") = "Fabrikam.Module1.Uc1.ServiceLib.Tests", "test\Fabrikam.Module1.Uc1.ServiceLib.Tests\Fabrikam.Module1.Uc1.ServiceLib.Tests.xproj", "{8C1958CB-EE68-4396-B4D6-A4D7250209A0}"
EndProject
Project("{8BB2217D-0F2D-49D1-97BC-3654ED321F3B}") = "Fabrikam.Module1.Uc1.Services.Wcf.Tests", "test\Fabrikam.Module1.Uc1.Services.Wcf.Tests\Fabrikam.Module1.Uc1.Services.Wcf.Tests.xproj", "{070D6FCD-DEB7-4C72-A178-7A8B9176B62C}"
EndProject
Project("{8BB2217D-0F2D-49D1-97BC-3654ED321F3B}") = "Fabrikam.Module1.Uc1.Services.WebApi.Tests", "test\Fabrikam.Module1.Uc1.Services.WebApi.Tests\Fabrikam.Module1.Uc1.Services.WebApi.Tests.xproj", "{F094B4C8-F12A-41AD-B840-B5558E8FAE3A}"
EndProject
Project("{8BB2217D-0F2D-49D1-97BC-3654ED321F3B}") = "Fabrikam.Queue.WinServices.Tests", "test\Fabrikam.Queue.WinServices.Tests\Fabrikam.Queue.WinServices.Tests.xproj", "{8C1B0E87-86E6-4D9D-9DB7-D0AF5F5BEE3F}"
EndProject
Project("{8BB2217D-0F2D-49D1-97BC-3654ED321F3B}") = "Fabrikam.QueueManager.Tests", "test\Fabrikam.QueueManager.Tests\Fabrikam.QueueManager.Tests.xproj", "{7BBF6F3C-1F3A-4A43-B49C-02FCF4B27331}"
EndProject
Project("{8BB2217D-0F2D-49D1-97BC-3654ED321F3B}") = "Fabrikam.Utilities.Tests", "test\Fabrikam.Utilities.Tests\Fabrikam.Utilities.Tests.xproj", "{34549B4D-A842-4F74-8AB4-062E76A2A8C8}"
EndProject
Project("{8BB2217D-0F2D-49D1-97BC-3654ED321F3B}") = "Fabrikam.ValidationLib.Tests", "test\Fabrikam.ValidationLib.Tests\Fabrikam.ValidationLib.Tests.xproj", "{70436372-8702-42A7-B55D-DCAB907D22FA}"
EndProject
Project("{8BB2217D-0F2D-49D1-97BC-3654ED321F3B}") = "Fabrikam.Web.Ui.Tests", "test\Fabrikam.Web.Ui.Tests\Fabrikam.Web.Ui.Tests.xproj", "{DB4E1E23-B456-472D-90CE-FDEC578253A3}"
EndProject
Project("{8BB2217D-0F2D-49D1-97BC-3654ED321F3B}") = "Fabrikam.Module1.Uc1.TaskHandler.Tests", "test\Fabrikam.Module1.Uc1.TaskHandler.Tests\Fabrikam.Module1.Uc1.TaskHandler.Tests.xproj", "{74DFA647-F815-4884-B727-A2D4386E3859}"
EndProject
Global
	GlobalSection(SolutionConfigurationPlatforms) = preSolution
		Debug|Any CPU = Debug|Any CPU
		Release|Any CPU = Release|Any CPU
	EndGlobalSection
	GlobalSection(ProjectConfigurationPlatforms) = postSolution
		{D83671A7-9622-41B2-BFDD-426426A97FB7}.Debug|Any CPU.ActiveCfg = Debug|Any CPU
		{D83671A7-9622-41B2-BFDD-426426A97FB7}.Debug|Any CPU.Build.0 = Debug|Any CPU
		{D83671A7-9622-41B2-BFDD-426426A97FB7}.Release|Any CPU.ActiveCfg = Release|Any CPU
		{D83671A7-9622-41B2-BFDD-426426A97FB7}.Release|Any CPU.Build.0 = Release|Any CPU
		{B38D5107-AF91-4554-BAED-279E31062686}.Debug|Any CPU.ActiveCfg = Debug|Any CPU
		{B38D5107-AF91-4554-BAED-279E31062686}.Debug|Any CPU.Build.0 = Debug|Any CPU
		{B38D5107-AF91-4554-BAED-279E31062686}.Release|Any CPU.ActiveCfg = Release|Any CPU
		{B38D5107-AF91-4554-BAED-279E31062686}.Release|Any CPU.Build.0 = Release|Any CPU
		{EAAA424F-42A5-48B6-909A-8D635B984DE6}.Debug|Any CPU.ActiveCfg = Debug|Any CPU
		{EAAA424F-42A5-48B6-909A-8D635B984DE6}.Debug|Any CPU.Build.0 = Debug|Any CPU
		{EAAA424F-42A5-48B6-909A-8D635B984DE6}.Release|Any CPU.ActiveCfg = Release|Any CPU
		{EAAA424F-42A5-48B6-909A-8D635B984DE6}.Release|Any CPU.Build.0 = Release|Any CPU
		{0BB59E14-DA04-4D89-B502-3D88D8A0DAFA}.Debug|Any CPU.ActiveCfg = Debug|Any CPU
		{0BB59E14-DA04-4D89-B502-3D88D8A0DAFA}.Debug|Any CPU.Build.0 = Debug|Any CPU
		{0BB59E14-DA04-4D89-B502-3D88D8A0DAFA}.Release|Any CPU.ActiveCfg = Release|Any CPU
		{0BB59E14-DA04-4D89-B502-3D88D8A0DAFA}.Release|Any CPU.Build.0 = Release|Any CPU
		{BD9DEF78-9743-4539-8CDB-905DB25B0F48}.Debug|Any CPU.ActiveCfg = Debug|Any CPU
		{BD9DEF78-9743-4539-8CDB-905DB25B0F48}.Debug|Any CPU.Build.0 = Debug|Any CPU
		{BD9DEF78-9743-4539-8CDB-905DB25B0F48}.Release|Any CPU.ActiveCfg = Release|Any CPU
		{BD9DEF78-9743-4539-8CDB-905DB25B0F48}.Release|Any CPU.Build.0 = Release|Any CPU
		{B6DD903D-FF6E-46AA-BC45-4C25B3934BF6}.Debug|Any CPU.ActiveCfg = Debug|Any CPU
		{B6DD903D-FF6E-46AA-BC45-4C25B3934BF6}.Debug|Any CPU.Build.0 = Debug|Any CPU
		{B6DD903D-FF6E-46AA-BC45-4C25B3934BF6}.Release|Any CPU.ActiveCfg = Release|Any CPU
		{B6DD903D-FF6E-46AA-BC45-4C25B3934BF6}.Release|Any CPU.Build.0 = Release|Any CPU
		{AF914855-409D-4366-BFAB-97F5BC7D4A76}.Debug|Any CPU.ActiveCfg = Debug|Any CPU
		{AF914855-409D-4366-BFAB-97F5BC7D4A76}.Debug|Any CPU.Build.0 = Debug|Any CPU
		{AF914855-409D-4366-BFAB-97F5BC7D4A76}.Release|Any CPU.ActiveCfg = Release|Any CPU
		{AF914855-409D-4366-BFAB-97F5BC7D4A76}.Release|Any CPU.Build.0 = Release|Any CPU
		{D8F06398-70F5-479C-B5AF-B81F82F5ADED}.Debug|Any CPU.ActiveCfg = Debug|Any CPU
		{D8F06398-70F5-479C-B5AF-B81F82F5ADED}.Debug|Any CPU.Build.0 = Debug|Any CPU
		{D8F06398-70F5-479C-B5AF-B81F82F5ADED}.Release|Any CPU.ActiveCfg = Release|Any CPU
		{D8F06398-70F5-479C-B5AF-B81F82F5ADED}.Release|Any CPU.Build.0 = Release|Any CPU
		{0A583340-0C76-4B37-A982-543B7F020696}.Debug|Any CPU.ActiveCfg = Debug|Any CPU
		{0A583340-0C76-4B37-A982-543B7F020696}.Debug|Any CPU.Build.0 = Debug|Any CPU
		{0A583340-0C76-4B37-A982-543B7F020696}.Release|Any CPU.ActiveCfg = Release|Any CPU
		{0A583340-0C76-4B37-A982-543B7F020696}.Release|Any CPU.Build.0 = Release|Any CPU
		{7D8AB583-F464-4172-BE59-85B75B56866C}.Debug|Any CPU.ActiveCfg = Debug|Any CPU
		{7D8AB583-F464-4172-BE59-85B75B56866C}.Debug|Any CPU.Build.0 = Debug|Any CPU
		{7D8AB583-F464-4172-BE59-85B75B56866C}.Release|Any CPU.ActiveCfg = Release|Any CPU
		{7D8AB583-F464-4172-BE59-85B75B56866C}.Release|Any CPU.Build.0 = Release|Any CPU
		{81394E3B-D2BB-497F-AE8F-3D9C8BF1A167}.Debug|Any CPU.ActiveCfg = Debug|Any CPU
		{81394E3B-D2BB-497F-AE8F-3D9C8BF1A167}.Debug|Any CPU.Build.0 = Debug|Any CPU
		{81394E3B-D2BB-497F-AE8F-3D9C8BF1A167}.Release|Any CPU.ActiveCfg = Release|Any CPU
		{81394E3B-D2BB-497F-AE8F-3D9C8BF1A167}.Release|Any CPU.Build.0 = Release|Any CPU
		{6233D295-3C4A-48E5-8B4C-4C2F9DA665DA}.Debug|Any CPU.ActiveCfg = Debug|Any CPU
		{6233D295-3C4A-48E5-8B4C-4C2F9DA665DA}.Debug|Any CPU.Build.0 = Debug|Any CPU
		{6233D295-3C4A-48E5-8B4C-4C2F9DA665DA}.Release|Any CPU.ActiveCfg = Release|Any CPU
		{6233D295-3C4A-48E5-8B4C-4C2F9DA665DA}.Release|Any CPU.Build.0 = Release|Any CPU
		{8D386F04-F66F-4E53-9305-5E20621742A1}.Debug|Any CPU.ActiveCfg = Debug|Any CPU
		{8D386F04-F66F-4E53-9305-5E20621742A1}.Debug|Any CPU.Build.0 = Debug|Any CPU
		{8D386F04-F66F-4E53-9305-5E20621742A1}.Release|Any CPU.ActiveCfg = Release|Any CPU
		{8D386F04-F66F-4E53-9305-5E20621742A1}.Release|Any CPU.Build.0 = Release|Any CPU
		{1759672F-C48A-4EA1-A307-29A271410C32}.Debug|Any CPU.ActiveCfg = Debug|Any CPU
		{1759672F-C48A-4EA1-A307-29A271410C32}.Debug|Any CPU.Build.0 = Debug|Any CPU
		{1759672F-C48A-4EA1-A307-29A271410C32}.Release|Any CPU.ActiveCfg = Release|Any CPU
		{1759672F-C48A-4EA1-A307-29A271410C32}.Release|Any CPU.Build.0 = Release|Any CPU
		{F98CA291-69E7-4B9B-B7E1-B1C8DF9E151C}.Debug|Any CPU.ActiveCfg = Debug|Any CPU
		{F98CA291-69E7-4B9B-B7E1-B1C8DF9E151C}.Debug|Any CPU.Build.0 = Debug|Any CPU
		{F98CA291-69E7-4B9B-B7E1-B1C8DF9E151C}.Release|Any CPU.ActiveCfg = Release|Any CPU
		{F98CA291-69E7-4B9B-B7E1-B1C8DF9E151C}.Release|Any CPU.Build.0 = Release|Any CPU
		{6D2218D4-D8C7-4217-93A6-C06A42E1706A}.Debug|Any CPU.ActiveCfg = Debug|Any CPU
		{6D2218D4-D8C7-4217-93A6-C06A42E1706A}.Debug|Any CPU.Build.0 = Debug|Any CPU
		{6D2218D4-D8C7-4217-93A6-C06A42E1706A}.Release|Any CPU.ActiveCfg = Release|Any CPU
		{6D2218D4-D8C7-4217-93A6-C06A42E1706A}.Release|Any CPU.Build.0 = Release|Any CPU
		{78B18EE6-A49D-42DF-A47D-53FCE688A524}.Debug|Any CPU.ActiveCfg = Debug|Any CPU
		{78B18EE6-A49D-42DF-A47D-53FCE688A524}.Debug|Any CPU.Build.0 = Debug|Any CPU
		{78B18EE6-A49D-42DF-A47D-53FCE688A524}.Release|Any CPU.ActiveCfg = Release|Any CPU
		{78B18EE6-A49D-42DF-A47D-53FCE688A524}.Release|Any CPU.Build.0 = Release|Any CPU
		{286CE370-1E14-4A6E-92EA-E68D5C4D871C}.Debug|Any CPU.ActiveCfg = Debug|Any CPU
		{286CE370-1E14-4A6E-92EA-E68D5C4D871C}.Debug|Any CPU.Build.0 = Debug|Any CPU
		{286CE370-1E14-4A6E-92EA-E68D5C4D871C}.Release|Any CPU.ActiveCfg = Release|Any CPU
		{286CE370-1E14-4A6E-92EA-E68D5C4D871C}.Release|Any CPU.Build.0 = Release|Any CPU
		{2A5DDA0F-5DB2-401B-BC74-E623029A7098}.Debug|Any CPU.ActiveCfg = Debug|Any CPU
		{2A5DDA0F-5DB2-401B-BC74-E623029A7098}.Debug|Any CPU.Build.0 = Debug|Any CPU
		{2A5DDA0F-5DB2-401B-BC74-E623029A7098}.Release|Any CPU.ActiveCfg = Release|Any CPU
		{2A5DDA0F-5DB2-401B-BC74-E623029A7098}.Release|Any CPU.Build.0 = Release|Any CPU
		{171AD527-3F06-42D5-BA54-B79485857B60}.Debug|Any CPU.ActiveCfg = Debug|Any CPU
		{171AD527-3F06-42D5-BA54-B79485857B60}.Debug|Any CPU.Build.0 = Debug|Any CPU
		{171AD527-3F06-42D5-BA54-B79485857B60}.Release|Any CPU.ActiveCfg = Release|Any CPU
		{171AD527-3F06-42D5-BA54-B79485857B60}.Release|Any CPU.Build.0 = Release|Any CPU
		{9DFA0EAD-907A-46BD-9B26-1EFF49AB6AF3}.Debug|Any CPU.ActiveCfg = Debug|Any CPU
		{9DFA0EAD-907A-46BD-9B26-1EFF49AB6AF3}.Debug|Any CPU.Build.0 = Debug|Any CPU
		{9DFA0EAD-907A-46BD-9B26-1EFF49AB6AF3}.Release|Any CPU.ActiveCfg = Release|Any CPU
		{9DFA0EAD-907A-46BD-9B26-1EFF49AB6AF3}.Release|Any CPU.Build.0 = Release|Any CPU
		{F3ABE2F7-3D3C-4028-B1E8-C4B02D28DE87}.Debug|Any CPU.ActiveCfg = Debug|Any CPU
		{F3ABE2F7-3D3C-4028-B1E8-C4B02D28DE87}.Debug|Any CPU.Build.0 = Debug|Any CPU
		{F3ABE2F7-3D3C-4028-B1E8-C4B02D28DE87}.Release|Any CPU.ActiveCfg = Release|Any CPU
		{F3ABE2F7-3D3C-4028-B1E8-C4B02D28DE87}.Release|Any CPU.Build.0 = Release|Any CPU
		{9FD55EBB-FD10-4A58-A66F-2D11B3B84CD8}.Debug|Any CPU.ActiveCfg = Debug|Any CPU
		{9FD55EBB-FD10-4A58-A66F-2D11B3B84CD8}.Debug|Any CPU.Build.0 = Debug|Any CPU
		{9FD55EBB-FD10-4A58-A66F-2D11B3B84CD8}.Release|Any CPU.ActiveCfg = Release|Any CPU
		{9FD55EBB-FD10-4A58-A66F-2D11B3B84CD8}.Release|Any CPU.Build.0 = Release|Any CPU
		{D5108AFD-82EF-4E0B-BE31-0A651B2604B2}.Debug|Any CPU.ActiveCfg = Debug|Any CPU
		{D5108AFD-82EF-4E0B-BE31-0A651B2604B2}.Debug|Any CPU.Build.0 = Debug|Any CPU
		{D5108AFD-82EF-4E0B-BE31-0A651B2604B2}.Release|Any CPU.ActiveCfg = Release|Any CPU
		{D5108AFD-82EF-4E0B-BE31-0A651B2604B2}.Release|Any CPU.Build.0 = Release|Any CPU
		{7918005E-EC93-4116-A539-7ECA61A1514F}.Debug|Any CPU.ActiveCfg = Debug|Any CPU
		{7918005E-EC93-4116-A539-7ECA61A1514F}.Debug|Any CPU.Build.0 = Debug|Any CPU
		{7918005E-EC93-4116-A539-7ECA61A1514F}.Release|Any CPU.ActiveCfg = Release|Any CPU
		{7918005E-EC93-4116-A539-7ECA61A1514F}.Release|Any CPU.Build.0 = Release|Any CPU
		{F3F1F261-6A73-45FB-B474-52298CC551CE}.Debug|Any CPU.ActiveCfg = Debug|Any CPU
		{F3F1F261-6A73-45FB-B474-52298CC551CE}.Debug|Any CPU.Build.0 = Debug|Any CPU
		{F3F1F261-6A73-45FB-B474-52298CC551CE}.Release|Any CPU.ActiveCfg = Release|Any CPU
		{F3F1F261-6A73-45FB-B474-52298CC551CE}.Release|Any CPU.Build.0 = Release|Any CPU
		{0A84D1E5-9000-448B-BA17-55F42452143A}.Debug|Any CPU.ActiveCfg = Debug|Any CPU
		{0A84D1E5-9000-448B-BA17-55F42452143A}.Debug|Any CPU.Build.0 = Debug|Any CPU
		{0A84D1E5-9000-448B-BA17-55F42452143A}.Release|Any CPU.ActiveCfg = Release|Any CPU
		{0A84D1E5-9000-448B-BA17-55F42452143A}.Release|Any CPU.Build.0 = Release|Any CPU
		{24C98356-63DA-4769-8D09-9477051C8357}.Debug|Any CPU.ActiveCfg = Debug|Any CPU
		{24C98356-63DA-4769-8D09-9477051C8357}.Debug|Any CPU.Build.0 = Debug|Any CPU
		{24C98356-63DA-4769-8D09-9477051C8357}.Release|Any CPU.ActiveCfg = Release|Any CPU
		{24C98356-63DA-4769-8D09-9477051C8357}.Release|Any CPU.Build.0 = Release|Any CPU
		{14384D72-1FD7-4AAC-8188-C42F4427714B}.Debug|Any CPU.ActiveCfg = Debug|Any CPU
		{14384D72-1FD7-4AAC-8188-C42F4427714B}.Debug|Any CPU.Build.0 = Debug|Any CPU
		{14384D72-1FD7-4AAC-8188-C42F4427714B}.Release|Any CPU.ActiveCfg = Release|Any CPU
		{14384D72-1FD7-4AAC-8188-C42F4427714B}.Release|Any CPU.Build.0 = Release|Any CPU
		{3BDD6C8B-944E-47EE-B440-95615C9A146E}.Debug|Any CPU.ActiveCfg = Debug|Any CPU
		{3BDD6C8B-944E-47EE-B440-95615C9A146E}.Debug|Any CPU.Build.0 = Debug|Any CPU
		{3BDD6C8B-944E-47EE-B440-95615C9A146E}.Release|Any CPU.ActiveCfg = Release|Any CPU
		{3BDD6C8B-944E-47EE-B440-95615C9A146E}.Release|Any CPU.Build.0 = Release|Any CPU
		{0D9AB691-94FB-4387-952E-41A089BC14C6}.Debug|Any CPU.ActiveCfg = Debug|Any CPU
		{0D9AB691-94FB-4387-952E-41A089BC14C6}.Debug|Any CPU.Build.0 = Debug|Any CPU
		{0D9AB691-94FB-4387-952E-41A089BC14C6}.Release|Any CPU.ActiveCfg = Release|Any CPU
		{0D9AB691-94FB-4387-952E-41A089BC14C6}.Release|Any CPU.Build.0 = Release|Any CPU
		{113D6C03-0D5A-4032-86C7-071F8B9BD6AC}.Debug|Any CPU.ActiveCfg = Debug|Any CPU
		{113D6C03-0D5A-4032-86C7-071F8B9BD6AC}.Debug|Any CPU.Build.0 = Debug|Any CPU
		{113D6C03-0D5A-4032-86C7-071F8B9BD6AC}.Release|Any CPU.ActiveCfg = Release|Any CPU
		{113D6C03-0D5A-4032-86C7-071F8B9BD6AC}.Release|Any CPU.Build.0 = Release|Any CPU
		{B66C5CA4-408D-4DB9-8FBC-9275781BC8EA}.Debug|Any CPU.ActiveCfg = Debug|Any CPU
		{B66C5CA4-408D-4DB9-8FBC-9275781BC8EA}.Debug|Any CPU.Build.0 = Debug|Any CPU
		{B66C5CA4-408D-4DB9-8FBC-9275781BC8EA}.Release|Any CPU.ActiveCfg = Release|Any CPU
		{B66C5CA4-408D-4DB9-8FBC-9275781BC8EA}.Release|Any CPU.Build.0 = Release|Any CPU
		{A629DE6B-54FA-4559-BB2E-01FAB1412A7F}.Debug|Any CPU.ActiveCfg = Debug|Any CPU
		{A629DE6B-54FA-4559-BB2E-01FAB1412A7F}.Debug|Any CPU.Build.0 = Debug|Any CPU
		{A629DE6B-54FA-4559-BB2E-01FAB1412A7F}.Release|Any CPU.ActiveCfg = Release|Any CPU
		{A629DE6B-54FA-4559-BB2E-01FAB1412A7F}.Release|Any CPU.Build.0 = Release|Any CPU
		{F105485E-A36D-4639-84E7-4401F6F4E1F6}.Debug|Any CPU.ActiveCfg = Debug|Any CPU
		{F105485E-A36D-4639-84E7-4401F6F4E1F6}.Debug|Any CPU.Build.0 = Debug|Any CPU
		{F105485E-A36D-4639-84E7-4401F6F4E1F6}.Release|Any CPU.ActiveCfg = Release|Any CPU
		{F105485E-A36D-4639-84E7-4401F6F4E1F6}.Release|Any CPU.Build.0 = Release|Any CPU
		{3F808A60-38D7-48BA-8539-892F7EB46577}.Debug|Any CPU.ActiveCfg = Debug|Any CPU
		{3F808A60-38D7-48BA-8539-892F7EB46577}.Debug|Any CPU.Build.0 = Debug|Any CPU
		{3F808A60-38D7-48BA-8539-892F7EB46577}.Release|Any CPU.ActiveCfg = Release|Any CPU
		{3F808A60-38D7-48BA-8539-892F7EB46577}.Release|Any CPU.Build.0 = Release|Any CPU
		{8C1958CB-EE68-4396-B4D6-A4D7250209A0}.Debug|Any CPU.ActiveCfg = Debug|Any CPU
		{8C1958CB-EE68-4396-B4D6-A4D7250209A0}.Debug|Any CPU.Build.0 = Debug|Any CPU
		{8C1958CB-EE68-4396-B4D6-A4D7250209A0}.Release|Any CPU.ActiveCfg = Release|Any CPU
		{8C1958CB-EE68-4396-B4D6-A4D7250209A0}.Release|Any CPU.Build.0 = Release|Any CPU
		{070D6FCD-DEB7-4C72-A178-7A8B9176B62C}.Debug|Any CPU.ActiveCfg = Debug|Any CPU
		{070D6FCD-DEB7-4C72-A178-7A8B9176B62C}.Debug|Any CPU.Build.0 = Debug|Any CPU
		{070D6FCD-DEB7-4C72-A178-7A8B9176B62C}.Release|Any CPU.ActiveCfg = Release|Any CPU
		{070D6FCD-DEB7-4C72-A178-7A8B9176B62C}.Release|Any CPU.Build.0 = Release|Any CPU
		{F094B4C8-F12A-41AD-B840-B5558E8FAE3A}.Debug|Any CPU.ActiveCfg = Debug|Any CPU
		{F094B4C8-F12A-41AD-B840-B5558E8FAE3A}.Debug|Any CPU.Build.0 = Debug|Any CPU
		{F094B4C8-F12A-41AD-B840-B5558E8FAE3A}.Release|Any CPU.ActiveCfg = Release|Any CPU
		{F094B4C8-F12A-41AD-B840-B5558E8FAE3A}.Release|Any CPU.Build.0 = Release|Any CPU
		{8C1B0E87-86E6-4D9D-9DB7-D0AF5F5BEE3F}.Debug|Any CPU.ActiveCfg = Debug|Any CPU
		{8C1B0E87-86E6-4D9D-9DB7-D0AF5F5BEE3F}.Debug|Any CPU.Build.0 = Debug|Any CPU
		{8C1B0E87-86E6-4D9D-9DB7-D0AF5F5BEE3F}.Release|Any CPU.ActiveCfg = Release|Any CPU
		{8C1B0E87-86E6-4D9D-9DB7-D0AF5F5BEE3F}.Release|Any CPU.Build.0 = Release|Any CPU
		{7BBF6F3C-1F3A-4A43-B49C-02FCF4B27331}.Debug|Any CPU.ActiveCfg = Debug|Any CPU
		{7BBF6F3C-1F3A-4A43-B49C-02FCF4B27331}.Debug|Any CPU.Build.0 = Debug|Any CPU
		{7BBF6F3C-1F3A-4A43-B49C-02FCF4B27331}.Release|Any CPU.ActiveCfg = Release|Any CPU
		{7BBF6F3C-1F3A-4A43-B49C-02FCF4B27331}.Release|Any CPU.Build.0 = Release|Any CPU
		{34549B4D-A842-4F74-8AB4-062E76A2A8C8}.Debug|Any CPU.ActiveCfg = Debug|Any CPU
		{34549B4D-A842-4F74-8AB4-062E76A2A8C8}.Debug|Any CPU.Build.0 = Debug|Any CPU
		{34549B4D-A842-4F74-8AB4-062E76A2A8C8}.Release|Any CPU.ActiveCfg = Release|Any CPU
		{34549B4D-A842-4F74-8AB4-062E76A2A8C8}.Release|Any CPU.Build.0 = Release|Any CPU
		{70436372-8702-42A7-B55D-DCAB907D22FA}.Debug|Any CPU.ActiveCfg = Debug|Any CPU
		{70436372-8702-42A7-B55D-DCAB907D22FA}.Debug|Any CPU.Build.0 = Debug|Any CPU
		{70436372-8702-42A7-B55D-DCAB907D22FA}.Release|Any CPU.ActiveCfg = Release|Any CPU
		{70436372-8702-42A7-B55D-DCAB907D22FA}.Release|Any CPU.Build.0 = Release|Any CPU
		{DB4E1E23-B456-472D-90CE-FDEC578253A3}.Debug|Any CPU.ActiveCfg = Debug|Any CPU
		{DB4E1E23-B456-472D-90CE-FDEC578253A3}.Debug|Any CPU.Build.0 = Debug|Any CPU
		{DB4E1E23-B456-472D-90CE-FDEC578253A3}.Release|Any CPU.ActiveCfg = Release|Any CPU
		{DB4E1E23-B456-472D-90CE-FDEC578253A3}.Release|Any CPU.Build.0 = Release|Any CPU
		{74DFA647-F815-4884-B727-A2D4386E3859}.Debug|Any CPU.ActiveCfg = Debug|Any CPU
		{74DFA647-F815-4884-B727-A2D4386E3859}.Debug|Any CPU.Build.0 = Debug|Any CPU
		{74DFA647-F815-4884-B727-A2D4386E3859}.Release|Any CPU.ActiveCfg = Release|Any CPU
		{74DFA647-F815-4884-B727-A2D4386E3859}.Release|Any CPU.Build.0 = Release|Any CPU
	EndGlobalSection
	GlobalSection(SolutionProperties) = preSolution
		HideSolutionNode = FALSE
	EndGlobalSection
	GlobalSection(NestedProjects) = preSolution
		{D83671A7-9622-41B2-BFDD-426426A97FB7} = {5E370617-5EBF-4469-A4BD-8D1C13698821}
		{B38D5107-AF91-4554-BAED-279E31062686} = {5E370617-5EBF-4469-A4BD-8D1C13698821}
		{EAAA424F-42A5-48B6-909A-8D635B984DE6} = {5E370617-5EBF-4469-A4BD-8D1C13698821}
		{0BB59E14-DA04-4D89-B502-3D88D8A0DAFA} = {5E370617-5EBF-4469-A4BD-8D1C13698821}
		{BD9DEF78-9743-4539-8CDB-905DB25B0F48} = {5E370617-5EBF-4469-A4BD-8D1C13698821}
		{B6DD903D-FF6E-46AA-BC45-4C25B3934BF6} = {5E370617-5EBF-4469-A4BD-8D1C13698821}
		{AF914855-409D-4366-BFAB-97F5BC7D4A76} = {5E370617-5EBF-4469-A4BD-8D1C13698821}
		{D8F06398-70F5-479C-B5AF-B81F82F5ADED} = {5E370617-5EBF-4469-A4BD-8D1C13698821}
		{0A583340-0C76-4B37-A982-543B7F020696} = {5E370617-5EBF-4469-A4BD-8D1C13698821}
		{7D8AB583-F464-4172-BE59-85B75B56866C} = {5E370617-5EBF-4469-A4BD-8D1C13698821}
		{81394E3B-D2BB-497F-AE8F-3D9C8BF1A167} = {5E370617-5EBF-4469-A4BD-8D1C13698821}
		{6233D295-3C4A-48E5-8B4C-4C2F9DA665DA} = {5E370617-5EBF-4469-A4BD-8D1C13698821}
		{8D386F04-F66F-4E53-9305-5E20621742A1} = {5E370617-5EBF-4469-A4BD-8D1C13698821}
		{1759672F-C48A-4EA1-A307-29A271410C32} = {5E370617-5EBF-4469-A4BD-8D1C13698821}
		{F98CA291-69E7-4B9B-B7E1-B1C8DF9E151C} = {5E370617-5EBF-4469-A4BD-8D1C13698821}
		{6D2218D4-D8C7-4217-93A6-C06A42E1706A} = {5E370617-5EBF-4469-A4BD-8D1C13698821}
		{78B18EE6-A49D-42DF-A47D-53FCE688A524} = {5E370617-5EBF-4469-A4BD-8D1C13698821}
		{286CE370-1E14-4A6E-92EA-E68D5C4D871C} = {5E370617-5EBF-4469-A4BD-8D1C13698821}
		{2A5DDA0F-5DB2-401B-BC74-E623029A7098} = {5E370617-5EBF-4469-A4BD-8D1C13698821}
		{171AD527-3F06-42D5-BA54-B79485857B60} = {5E370617-5EBF-4469-A4BD-8D1C13698821}
		{9DFA0EAD-907A-46BD-9B26-1EFF49AB6AF3} = {5E370617-5EBF-4469-A4BD-8D1C13698821}
		{F3ABE2F7-3D3C-4028-B1E8-C4B02D28DE87} = {5E370617-5EBF-4469-A4BD-8D1C13698821}
		{9FD55EBB-FD10-4A58-A66F-2D11B3B84CD8} = {5E370617-5EBF-4469-A4BD-8D1C13698821}
		{D5108AFD-82EF-4E0B-BE31-0A651B2604B2} = {5E370617-5EBF-4469-A4BD-8D1C13698821}
		{7918005E-EC93-4116-A539-7ECA61A1514F} = {5E370617-5EBF-4469-A4BD-8D1C13698821}
		{F3F1F261-6A73-45FB-B474-52298CC551CE} = {5E370617-5EBF-4469-A4BD-8D1C13698821}
		{0A84D1E5-9000-448B-BA17-55F42452143A} = {5E370617-5EBF-4469-A4BD-8D1C13698821}
		{24C98356-63DA-4769-8D09-9477051C8357} = {5E370617-5EBF-4469-A4BD-8D1C13698821}
		{14384D72-1FD7-4AAC-8188-C42F4427714B} = {824BC671-E064-47B0-9340-C948A814A96D}
		{3BDD6C8B-944E-47EE-B440-95615C9A146E} = {824BC671-E064-47B0-9340-C948A814A96D}
		{0D9AB691-94FB-4387-952E-41A089BC14C6} = {824BC671-E064-47B0-9340-C948A814A96D}
		{113D6C03-0D5A-4032-86C7-071F8B9BD6AC} = {824BC671-E064-47B0-9340-C948A814A96D}
		{B66C5CA4-408D-4DB9-8FBC-9275781BC8EA} = {824BC671-E064-47B0-9340-C948A814A96D}
		{A629DE6B-54FA-4559-BB2E-01FAB1412A7F} = {824BC671-E064-47B0-9340-C948A814A96D}
		{F105485E-A36D-4639-84E7-4401F6F4E1F6} = {824BC671-E064-47B0-9340-C948A814A96D}
		{3F808A60-38D7-48BA-8539-892F7EB46577} = {824BC671-E064-47B0-9340-C948A814A96D}
		{8C1958CB-EE68-4396-B4D6-A4D7250209A0} = {824BC671-E064-47B0-9340-C948A814A96D}
		{070D6FCD-DEB7-4C72-A178-7A8B9176B62C} = {824BC671-E064-47B0-9340-C948A814A96D}
		{F094B4C8-F12A-41AD-B840-B5558E8FAE3A} = {824BC671-E064-47B0-9340-C948A814A96D}
		{8C1B0E87-86E6-4D9D-9DB7-D0AF5F5BEE3F} = {824BC671-E064-47B0-9340-C948A814A96D}
		{7BBF6F3C-1F3A-4A43-B49C-02FCF4B27331} = {824BC671-E064-47B0-9340-C948A814A96D}
		{34549B4D-A842-4F74-8AB4-062E76A2A8C8} = {824BC671-E064-47B0-9340-C948A814A96D}
		{70436372-8702-42A7-B55D-DCAB907D22FA} = {824BC671-E064-47B0-9340-C948A814A96D}
		{DB4E1E23-B456-472D-90CE-FDEC578253A3} = {824BC671-E064-47B0-9340-C948A814A96D}
		{74DFA647-F815-4884-B727-A2D4386E3859} = {824BC671-E064-47B0-9340-C948A814A96D}
	EndGlobalSection
EndGlobal
