
Microsoft Visual Studio Solution File, Format Version 12.00
# Visual Studio 14
VisualStudioVersion = 14.0.23107.0
MinimumVisualStudioVersion = 10.0.40219.1
Project("{2150E333-8FDC-42A3-9474-1A3956D46DE8}") = "src", "src", "{773B4A85-EC68-4610-A968-53221E1A993D}"
EndProject
Project("{2150E333-8FDC-42A3-9474-1A3956D46DE8}") = "Solution Items", "Solution Items", "{FA7AEBFF-B935-4688-80BE-B984E7E724C4}"
	ProjectSection(SolutionItems) = preProject
		global.json = global.json
		NuGet.Config = NuGet.Config
	EndProjectSection
EndProject
Project("{8BB2217D-0F2D-49D1-97BC-3654ED321F3B}") = "Fabrikam.Module1.Uc1.TaskHandler", "src\Fabrikam.Module1.Uc1.TaskHandler\Fabrikam.Module1.Uc1.TaskHandler.xproj", "{305AE7FD-6E5F-48D9-AE45-DE62A5109738}"
EndProject
Project("{2150E333-8FDC-42A3-9474-1A3956D46DE8}") = "test", "test", "{4B2DD99A-9B03-4B51-8A7F-52635BDD3232}"
EndProject
Project("{8BB2217D-0F2D-49D1-97BC-3654ED321F3B}") = "Fabrikam.Module1.Uc1.TaskHandler.Tests", "test\Fabrikam.Module1.Uc1.TaskHandler.Tests\Fabrikam.Module1.Uc1.TaskHandler.Tests.xproj", "{FEC16716-2B44-4E50-A5E2-FCC8635DA64E}"
EndProject
Global
	GlobalSection(SolutionConfigurationPlatforms) = preSolution
		Debug|Any CPU = Debug|Any CPU
		Release|Any CPU = Release|Any CPU
	EndGlobalSection
	GlobalSection(ProjectConfigurationPlatforms) = postSolution
		{305AE7FD-6E5F-48D9-AE45-DE62A5109738}.Debug|Any CPU.ActiveCfg = Debug|Any CPU
		{305AE7FD-6E5F-48D9-AE45-DE62A5109738}.Debug|Any CPU.Build.0 = Debug|Any CPU
		{305AE7FD-6E5F-48D9-AE45-DE62A5109738}.Release|Any CPU.ActiveCfg = Release|Any CPU
		{305AE7FD-6E5F-48D9-AE45-DE62A5109738}.Release|Any CPU.Build.0 = Release|Any CPU
		{FEC16716-2B44-4E50-A5E2-FCC8635DA64E}.Debug|Any CPU.ActiveCfg = Debug|Any CPU
		{FEC16716-2B44-4E50-A5E2-FCC8635DA64E}.Debug|Any CPU.Build.0 = Debug|Any CPU
		{FEC16716-2B44-4E50-A5E2-FCC8635DA64E}.Release|Any CPU.ActiveCfg = Release|Any CPU
		{FEC16716-2B44-4E50-A5E2-FCC8635DA64E}.Release|Any CPU.Build.0 = Release|Any CPU
	EndGlobalSection
	GlobalSection(SolutionProperties) = preSolution
		HideSolutionNode = FALSE
	EndGlobalSection
	GlobalSection(NestedProjects) = preSolution
		{305AE7FD-6E5F-48D9-AE45-DE62A5109738} = {773B4A85-EC68-4610-A968-53221E1A993D}
		{FEC16716-2B44-4E50-A5E2-FCC8635DA64E} = {4B2DD99A-9B03-4B51-8A7F-52635BDD3232}
	EndGlobalSection
EndGlobal
