
Microsoft Visual Studio Solution File, Format Version 12.00
# Visual Studio 14
VisualStudioVersion = 14.0.23107.0
MinimumVisualStudioVersion = 10.0.40219.1
Project("{2150E333-8FDC-42A3-9474-1A3956D46DE8}") = "src", "src", "{4FA96E43-0C20-4290-BB66-A195440F179D}"
EndProject
Project("{2150E333-8FDC-42A3-9474-1A3956D46DE8}") = "Solution Items", "Solution Items", "{90D748FE-712E-49AA-8FCD-1D1F5562D0C0}"
	ProjectSection(SolutionItems) = preProject
		global.json = global.json
		NuGet.Config = NuGet.Config
	EndProjectSection
EndProject
Project("{8BB2217D-0F2D-49D1-97BC-3654ED321F3B}") = "Fabrikam.Module1.Uc1.Command.Business", "src\Fabrikam.Module1.Uc1.Command.Business\Fabrikam.Module1.Uc1.Command.Business.xproj", "{2266200D-0694-4304-ABD5-5F77BD4D5F14}"
EndProject
Project("{2150E333-8FDC-42A3-9474-1A3956D46DE8}") = "test", "test", "{1CE7FCD8-1C60-4201-A273-1B7FCEDD972F}"
EndProject
Project("{8BB2217D-0F2D-49D1-97BC-3654ED321F3B}") = "Fabrikam.Module1.Uc1.Command.Business.Interfaces", "src\Fabrikam.Module1.Uc1.Command.Business.Interfaces\Fabrikam.Module1.Uc1.Command.Business.Interfaces.xproj", "{2975A8E0-1E36-4B1D-B0CF-589429F10E65}"
EndProject
Project("{8BB2217D-0F2D-49D1-97BC-3654ED321F3B}") = "Fabrikam.Module1.Uc1.Command.Repository", "src\Fabrikam.Module1.Uc1.Command.Repository\Fabrikam.Module1.Uc1.Command.Repository.xproj", "{BFDBA5EA-F0CE-49F8-8EF6-DA4051D62B88}"
EndProject
Project("{8BB2217D-0F2D-49D1-97BC-3654ED321F3B}") = "Fabrikam.Module1.Uc1.Command.Repository.Interfaces", "src\Fabrikam.Module1.Uc1.Command.Repository.Interfaces\Fabrikam.Module1.Uc1.Command.Repository.Interfaces.xproj", "{13679FA3-2AD7-4427-B95E-7CEA8E956B7D}"
EndProject
Project("{8BB2217D-0F2D-49D1-97BC-3654ED321F3B}") = "Fabrikam.Module1.Uc1.Command.ServiceLib", "src\Fabrikam.Module1.Uc1.Command.ServiceLib\Fabrikam.Module1.Uc1.Command.ServiceLib.xproj", "{111C0B94-660C-4E8B-B9B0-2AB43BC8A80E}"
EndProject
Project("{8BB2217D-0F2D-49D1-97BC-3654ED321F3B}") = "Fabrikam.Module1.Uc1.Command.ServiceLib.Interfaces", "src\Fabrikam.Module1.Uc1.Command.ServiceLib.Interfaces\Fabrikam.Module1.Uc1.Command.ServiceLib.Interfaces.xproj", "{046C29ED-AE8E-4B07-B8C0-DAE3448C3CE2}"
EndProject
Project("{8BB2217D-0F2D-49D1-97BC-3654ED321F3B}") = "Fabrikam.Module1.Uc1.Command.WebApi", "src\Fabrikam.Module1.Uc1.Command.WebApi\Fabrikam.Module1.Uc1.Command.WebApi.xproj", "{45645A3A-8280-470A-8D92-27A0F686EFD7}"
EndProject
Project("{FAE04EC0-301F-11D3-BF4B-00C04F79EFBC}") = "Fabrikam.Module1.Uc1.Command.Wcf", "src\Fabrikam.Module1.Uc1.Command.Wcf\Fabrikam.Module1.Uc1.Command.Wcf.csproj", "{5B745DDB-35DE-4B39-BFAD-A7A4F4479027}"
EndProject
Project("{8BB2217D-0F2D-49D1-97BC-3654ED321F3B}") = "Fabrikam.Module1.Uc1.Command.Business.Tests", "test\Fabrikam.Module1.Uc1.Command.Business.Tests\Fabrikam.Module1.Uc1.Command.Business.Tests.xproj", "{564DF8F7-BF8C-45E9-855F-ED721321A9CD}"
EndProject
Project("{8BB2217D-0F2D-49D1-97BC-3654ED321F3B}") = "Fabrikam.Module1.Uc1.Command.Repository.Tests", "test\Fabrikam.Module1.Uc1.Command.Repository.Tests\Fabrikam.Module1.Uc1.Command.Repository.Tests.xproj", "{A709D156-7F4E-4F72-9A18-0F719753CA91}"
EndProject
Project("{8BB2217D-0F2D-49D1-97BC-3654ED321F3B}") = "Fabrikam.Module1.Uc1.Command.ServiceLib.Tests", "test\Fabrikam.Module1.Uc1.Command.ServiceLib.Tests\Fabrikam.Module1.Uc1.Command.ServiceLib.Tests.xproj", "{066D8503-0F17-4465-A68A-A1CC354482F1}"
EndProject
Project("{8BB2217D-0F2D-49D1-97BC-3654ED321F3B}") = "Fabrikam.Module1.Uc1.Command.Wcf.Tests", "test\Fabrikam.Module1.Uc1.Command.Wcf.Tests\Fabrikam.Module1.Uc1.Command.Wcf.Tests.xproj", "{15A12B60-60D9-4E2F-8325-D2C83AAF1DB7}"
EndProject
Project("{8BB2217D-0F2D-49D1-97BC-3654ED321F3B}") = "Fabrikam.Module1.Uc1.Command.WebApi.Tests", "test\Fabrikam.Module1.Uc1.Command.WebApi.Tests\Fabrikam.Module1.Uc1.Command.WebApi.Tests.xproj", "{C7AD77D8-D421-4800-91D5-B7160C77A59F}"
EndProject
Project("{8BB2217D-0F2D-49D1-97BC-3654ED321F3B}") = "Fabrikam.Command.Entities.Service", "src\Fabrikam.Command.Entities.Service\Fabrikam.Command.Entities.Service.xproj", "{1DE10160-96F2-4051-B4DC-3BC795146D6A}"
EndProject
Project("{8BB2217D-0F2D-49D1-97BC-3654ED321F3B}") = "Fabrikam.Command.Entities.Business", "src\Fabrikam.Command.Entities.Business\Fabrikam.Command.Entities.Business.xproj", "{102A3E66-5D5F-4F1B-9B5F-7CC6396B8E75}"
EndProject
Project("{8BB2217D-0F2D-49D1-97BC-3654ED321F3B}") = "Fabrikam.Command.Entities.Data", "src\Fabrikam.Command.Entities.Data\Fabrikam.Command.Entities.Data.xproj", "{EDB0CC8D-6BA8-4D0E-93F6-65CCD364DAE8}"
EndProject
Project("{8BB2217D-0F2D-49D1-97BC-3654ED321F3B}") = "Fabrikam.Infrastructure.Interfaces", "src\Fabrikam.Infrastructure.Interfaces\Fabrikam.Infrastructure.Interfaces.xproj", "{63955A8F-A33D-4333-9B9F-A1E6B3627AC1}"
EndProject
Project("{8BB2217D-0F2D-49D1-97BC-3654ED321F3B}") = "Fabrikam.Infrastructure", "src\Fabrikam.Infrastructure\Fabrikam.Infrastructure.xproj", "{F2F2CF99-4AD4-4C40-A3D9-D48DB3633919}"
EndProject
Global
	GlobalSection(SolutionConfigurationPlatforms) = preSolution
		Debug|Any CPU = Debug|Any CPU
		Release|Any CPU = Release|Any CPU
	EndGlobalSection
	GlobalSection(ProjectConfigurationPlatforms) = postSolution
		{2266200D-0694-4304-ABD5-5F77BD4D5F14}.Debug|Any CPU.ActiveCfg = Debug|Any CPU
		{2266200D-0694-4304-ABD5-5F77BD4D5F14}.Debug|Any CPU.Build.0 = Debug|Any CPU
		{2266200D-0694-4304-ABD5-5F77BD4D5F14}.Release|Any CPU.ActiveCfg = Release|Any CPU
		{2266200D-0694-4304-ABD5-5F77BD4D5F14}.Release|Any CPU.Build.0 = Release|Any CPU
		{2975A8E0-1E36-4B1D-B0CF-589429F10E65}.Debug|Any CPU.ActiveCfg = Debug|Any CPU
		{2975A8E0-1E36-4B1D-B0CF-589429F10E65}.Debug|Any CPU.Build.0 = Debug|Any CPU
		{2975A8E0-1E36-4B1D-B0CF-589429F10E65}.Release|Any CPU.ActiveCfg = Release|Any CPU
		{2975A8E0-1E36-4B1D-B0CF-589429F10E65}.Release|Any CPU.Build.0 = Release|Any CPU
		{BFDBA5EA-F0CE-49F8-8EF6-DA4051D62B88}.Debug|Any CPU.ActiveCfg = Debug|Any CPU
		{BFDBA5EA-F0CE-49F8-8EF6-DA4051D62B88}.Debug|Any CPU.Build.0 = Debug|Any CPU
		{BFDBA5EA-F0CE-49F8-8EF6-DA4051D62B88}.Release|Any CPU.ActiveCfg = Release|Any CPU
		{BFDBA5EA-F0CE-49F8-8EF6-DA4051D62B88}.Release|Any CPU.Build.0 = Release|Any CPU
		{13679FA3-2AD7-4427-B95E-7CEA8E956B7D}.Debug|Any CPU.ActiveCfg = Debug|Any CPU
		{13679FA3-2AD7-4427-B95E-7CEA8E956B7D}.Debug|Any CPU.Build.0 = Debug|Any CPU
		{13679FA3-2AD7-4427-B95E-7CEA8E956B7D}.Release|Any CPU.ActiveCfg = Release|Any CPU
		{13679FA3-2AD7-4427-B95E-7CEA8E956B7D}.Release|Any CPU.Build.0 = Release|Any CPU
		{111C0B94-660C-4E8B-B9B0-2AB43BC8A80E}.Debug|Any CPU.ActiveCfg = Debug|Any CPU
		{111C0B94-660C-4E8B-B9B0-2AB43BC8A80E}.Debug|Any CPU.Build.0 = Debug|Any CPU
		{111C0B94-660C-4E8B-B9B0-2AB43BC8A80E}.Release|Any CPU.ActiveCfg = Release|Any CPU
		{111C0B94-660C-4E8B-B9B0-2AB43BC8A80E}.Release|Any CPU.Build.0 = Release|Any CPU
		{046C29ED-AE8E-4B07-B8C0-DAE3448C3CE2}.Debug|Any CPU.ActiveCfg = Debug|Any CPU
		{046C29ED-AE8E-4B07-B8C0-DAE3448C3CE2}.Debug|Any CPU.Build.0 = Debug|Any CPU
		{046C29ED-AE8E-4B07-B8C0-DAE3448C3CE2}.Release|Any CPU.ActiveCfg = Release|Any CPU
		{046C29ED-AE8E-4B07-B8C0-DAE3448C3CE2}.Release|Any CPU.Build.0 = Release|Any CPU
		{45645A3A-8280-470A-8D92-27A0F686EFD7}.Debug|Any CPU.ActiveCfg = Debug|Any CPU
		{45645A3A-8280-470A-8D92-27A0F686EFD7}.Debug|Any CPU.Build.0 = Debug|Any CPU
		{45645A3A-8280-470A-8D92-27A0F686EFD7}.Release|Any CPU.ActiveCfg = Release|Any CPU
		{45645A3A-8280-470A-8D92-27A0F686EFD7}.Release|Any CPU.Build.0 = Release|Any CPU
		{5B745DDB-35DE-4B39-BFAD-A7A4F4479027}.Debug|Any CPU.ActiveCfg = Debug|Any CPU
		{5B745DDB-35DE-4B39-BFAD-A7A4F4479027}.Debug|Any CPU.Build.0 = Debug|Any CPU
		{5B745DDB-35DE-4B39-BFAD-A7A4F4479027}.Release|Any CPU.ActiveCfg = Release|Any CPU
		{5B745DDB-35DE-4B39-BFAD-A7A4F4479027}.Release|Any CPU.Build.0 = Release|Any CPU
		{564DF8F7-BF8C-45E9-855F-ED721321A9CD}.Debug|Any CPU.ActiveCfg = Debug|Any CPU
		{564DF8F7-BF8C-45E9-855F-ED721321A9CD}.Debug|Any CPU.Build.0 = Debug|Any CPU
		{564DF8F7-BF8C-45E9-855F-ED721321A9CD}.Release|Any CPU.ActiveCfg = Release|Any CPU
		{564DF8F7-BF8C-45E9-855F-ED721321A9CD}.Release|Any CPU.Build.0 = Release|Any CPU
		{A709D156-7F4E-4F72-9A18-0F719753CA91}.Debug|Any CPU.ActiveCfg = Debug|Any CPU
		{A709D156-7F4E-4F72-9A18-0F719753CA91}.Debug|Any CPU.Build.0 = Debug|Any CPU
		{A709D156-7F4E-4F72-9A18-0F719753CA91}.Release|Any CPU.ActiveCfg = Release|Any CPU
		{A709D156-7F4E-4F72-9A18-0F719753CA91}.Release|Any CPU.Build.0 = Release|Any CPU
		{066D8503-0F17-4465-A68A-A1CC354482F1}.Debug|Any CPU.ActiveCfg = Debug|Any CPU
		{066D8503-0F17-4465-A68A-A1CC354482F1}.Debug|Any CPU.Build.0 = Debug|Any CPU
		{066D8503-0F17-4465-A68A-A1CC354482F1}.Release|Any CPU.ActiveCfg = Release|Any CPU
		{066D8503-0F17-4465-A68A-A1CC354482F1}.Release|Any CPU.Build.0 = Release|Any CPU
		{15A12B60-60D9-4E2F-8325-D2C83AAF1DB7}.Debug|Any CPU.ActiveCfg = Debug|Any CPU
		{15A12B60-60D9-4E2F-8325-D2C83AAF1DB7}.Debug|Any CPU.Build.0 = Debug|Any CPU
		{15A12B60-60D9-4E2F-8325-D2C83AAF1DB7}.Release|Any CPU.ActiveCfg = Release|Any CPU
		{15A12B60-60D9-4E2F-8325-D2C83AAF1DB7}.Release|Any CPU.Build.0 = Release|Any CPU
		{C7AD77D8-D421-4800-91D5-B7160C77A59F}.Debug|Any CPU.ActiveCfg = Debug|Any CPU
		{C7AD77D8-D421-4800-91D5-B7160C77A59F}.Debug|Any CPU.Build.0 = Debug|Any CPU
		{C7AD77D8-D421-4800-91D5-B7160C77A59F}.Release|Any CPU.ActiveCfg = Release|Any CPU
		{C7AD77D8-D421-4800-91D5-B7160C77A59F}.Release|Any CPU.Build.0 = Release|Any CPU
		{1DE10160-96F2-4051-B4DC-3BC795146D6A}.Debug|Any CPU.ActiveCfg = Debug|Any CPU
		{1DE10160-96F2-4051-B4DC-3BC795146D6A}.Debug|Any CPU.Build.0 = Debug|Any CPU
		{1DE10160-96F2-4051-B4DC-3BC795146D6A}.Release|Any CPU.ActiveCfg = Release|Any CPU
		{1DE10160-96F2-4051-B4DC-3BC795146D6A}.Release|Any CPU.Build.0 = Release|Any CPU
		{102A3E66-5D5F-4F1B-9B5F-7CC6396B8E75}.Debug|Any CPU.ActiveCfg = Debug|Any CPU
		{102A3E66-5D5F-4F1B-9B5F-7CC6396B8E75}.Debug|Any CPU.Build.0 = Debug|Any CPU
		{102A3E66-5D5F-4F1B-9B5F-7CC6396B8E75}.Release|Any CPU.ActiveCfg = Release|Any CPU
		{102A3E66-5D5F-4F1B-9B5F-7CC6396B8E75}.Release|Any CPU.Build.0 = Release|Any CPU
		{EDB0CC8D-6BA8-4D0E-93F6-65CCD364DAE8}.Debug|Any CPU.ActiveCfg = Debug|Any CPU
		{EDB0CC8D-6BA8-4D0E-93F6-65CCD364DAE8}.Debug|Any CPU.Build.0 = Debug|Any CPU
		{EDB0CC8D-6BA8-4D0E-93F6-65CCD364DAE8}.Release|Any CPU.ActiveCfg = Release|Any CPU
		{EDB0CC8D-6BA8-4D0E-93F6-65CCD364DAE8}.Release|Any CPU.Build.0 = Release|Any CPU
		{63955A8F-A33D-4333-9B9F-A1E6B3627AC1}.Debug|Any CPU.ActiveCfg = Debug|Any CPU
		{63955A8F-A33D-4333-9B9F-A1E6B3627AC1}.Debug|Any CPU.Build.0 = Debug|Any CPU
		{63955A8F-A33D-4333-9B9F-A1E6B3627AC1}.Release|Any CPU.ActiveCfg = Release|Any CPU
		{63955A8F-A33D-4333-9B9F-A1E6B3627AC1}.Release|Any CPU.Build.0 = Release|Any CPU
		{F2F2CF99-4AD4-4C40-A3D9-D48DB3633919}.Debug|Any CPU.ActiveCfg = Debug|Any CPU
		{F2F2CF99-4AD4-4C40-A3D9-D48DB3633919}.Debug|Any CPU.Build.0 = Debug|Any CPU
		{F2F2CF99-4AD4-4C40-A3D9-D48DB3633919}.Release|Any CPU.ActiveCfg = Release|Any CPU
		{F2F2CF99-4AD4-4C40-A3D9-D48DB3633919}.Release|Any CPU.Build.0 = Release|Any CPU
	EndGlobalSection
	GlobalSection(SolutionProperties) = preSolution
		HideSolutionNode = FALSE
	EndGlobalSection
	GlobalSection(NestedProjects) = preSolution
		{2266200D-0694-4304-ABD5-5F77BD4D5F14} = {4FA96E43-0C20-4290-BB66-A195440F179D}
		{2975A8E0-1E36-4B1D-B0CF-589429F10E65} = {4FA96E43-0C20-4290-BB66-A195440F179D}
		{BFDBA5EA-F0CE-49F8-8EF6-DA4051D62B88} = {4FA96E43-0C20-4290-BB66-A195440F179D}
		{13679FA3-2AD7-4427-B95E-7CEA8E956B7D} = {4FA96E43-0C20-4290-BB66-A195440F179D}
		{111C0B94-660C-4E8B-B9B0-2AB43BC8A80E} = {4FA96E43-0C20-4290-BB66-A195440F179D}
		{046C29ED-AE8E-4B07-B8C0-DAE3448C3CE2} = {4FA96E43-0C20-4290-BB66-A195440F179D}
		{45645A3A-8280-470A-8D92-27A0F686EFD7} = {4FA96E43-0C20-4290-BB66-A195440F179D}
		{5B745DDB-35DE-4B39-BFAD-A7A4F4479027} = {4FA96E43-0C20-4290-BB66-A195440F179D}
		{564DF8F7-BF8C-45E9-855F-ED721321A9CD} = {1CE7FCD8-1C60-4201-A273-1B7FCEDD972F}
		{A709D156-7F4E-4F72-9A18-0F719753CA91} = {1CE7FCD8-1C60-4201-A273-1B7FCEDD972F}
		{066D8503-0F17-4465-A68A-A1CC354482F1} = {1CE7FCD8-1C60-4201-A273-1B7FCEDD972F}
		{15A12B60-60D9-4E2F-8325-D2C83AAF1DB7} = {1CE7FCD8-1C60-4201-A273-1B7FCEDD972F}
		{C7AD77D8-D421-4800-91D5-B7160C77A59F} = {1CE7FCD8-1C60-4201-A273-1B7FCEDD972F}
		{1DE10160-96F2-4051-B4DC-3BC795146D6A} = {4FA96E43-0C20-4290-BB66-A195440F179D}
		{102A3E66-5D5F-4F1B-9B5F-7CC6396B8E75} = {4FA96E43-0C20-4290-BB66-A195440F179D}
		{EDB0CC8D-6BA8-4D0E-93F6-65CCD364DAE8} = {4FA96E43-0C20-4290-BB66-A195440F179D}
		{63955A8F-A33D-4333-9B9F-A1E6B3627AC1} = {4FA96E43-0C20-4290-BB66-A195440F179D}
		{F2F2CF99-4AD4-4C40-A3D9-D48DB3633919} = {4FA96E43-0C20-4290-BB66-A195440F179D}
	EndGlobalSection
EndGlobal
